
Microsoft Visual Studio Solution File, Format Version 12.00
# Visual Studio 15
VisualStudioVersion = 15.0.28010.2019
MinimumVisualStudioVersion = 10.0.40219.1
Project("{8BC9CEB8-8B4A-11D0-8D11-00A0C91BC942}") = "Assignment1", "Assignment1.vcxproj", "{1BE5B06F-8752-40FE-AB8F-80BE5974FCD3}"
EndProject
Project("{2150E333-8FDC-42A3-9474-1A3956D46DE8}") = "Solution Items", "Solution Items", "{C948CB5D-F5A4-4319-A651-1FE278A859FE}"
	ProjectSection(SolutionItems) = preProject
		IncludeFiles.h = IncludeFiles.h
		Shared.cpp = Shared.cpp
		Shared.h = Shared.h
	EndProjectSection
EndProject
Project("{8BC9CEB8-8B4A-11D0-8D11-00A0C91BC942}") = "Process1", "Process1\Process1.vcxproj", "{577BC4CF-BED7-437B-90CC-129B9BB40310}"
EndProject
Global
	GlobalSection(SolutionConfigurationPlatforms) = preSolution
		Debug|x64 = Debug|x64
		Debug|x86 = Debug|x86
		Release|x64 = Release|x64
		Release|x86 = Release|x86
	EndGlobalSection
	GlobalSection(ProjectConfigurationPlatforms) = postSolution
		{1BE5B06F-8752-40FE-AB8F-80BE5974FCD3}.Debug|x64.ActiveCfg = Debug|x64
		{1BE5B06F-8752-40FE-AB8F-80BE5974FCD3}.Debug|x64.Build.0 = Debug|x64
		{1BE5B06F-8752-40FE-AB8F-80BE5974FCD3}.Debug|x86.ActiveCfg = Debug|Win32
		{1BE5B06F-8752-40FE-AB8F-80BE5974FCD3}.Debug|x86.Build.0 = Debug|Win32
		{1BE5B06F-8752-40FE-AB8F-80BE5974FCD3}.Release|x64.ActiveCfg = Release|x64
		{1BE5B06F-8752-40FE-AB8F-80BE5974FCD3}.Release|x64.Build.0 = Release|x64
		{1BE5B06F-8752-40FE-AB8F-80BE5974FCD3}.Release|x86.ActiveCfg = Release|Win32
		{1BE5B06F-8752-40FE-AB8F-80BE5974FCD3}.Release|x86.Build.0 = Release|Win32
		{577BC4CF-BED7-437B-90CC-129B9BB40310}.Debug|x64.ActiveCfg = Debug|x64
		{577BC4CF-BED7-437B-90CC-129B9BB40310}.Debug|x64.Build.0 = Debug|x64
		{577BC4CF-BED7-437B-90CC-129B9BB40310}.Debug|x86.ActiveCfg = Debug|Win32
		{577BC4CF-BED7-437B-90CC-129B9BB40310}.Debug|x86.Build.0 = Debug|Win32
		{577BC4CF-BED7-437B-90CC-129B9BB40310}.Release|x64.ActiveCfg = Release|x64
		{577BC4CF-BED7-437B-90CC-129B9BB40310}.Release|x64.Build.0 = Release|x64
		{577BC4CF-BED7-437B-90CC-129B9BB40310}.Release|x86.ActiveCfg = Release|Win32
		{577BC4CF-BED7-437B-90CC-129B9BB40310}.Release|x86.Build.0 = Release|Win32
	EndGlobalSection
	GlobalSection(SolutionProperties) = preSolution
		HideSolutionNode = FALSE
	EndGlobalSection
	GlobalSection(ExtensibilityGlobals) = postSolution
		SolutionGuid = {E66FFED5-B792-4EF0-8B7A-AF296656848A}
	EndGlobalSection
EndGlobal
